
Microsoft Visual Studio Solution File, Format Version 12.00
# Visual Studio Version 16
VisualStudioVersion = 16.0.30503.244
MinimumVisualStudioVersion = 10.0.40219.1
Project("{FAE04EC0-301F-11D3-BF4B-00C04F79EFBC}") = "Diesta.MVC", "Diesta.MVC\Diesta.MVC.csproj", "{F40B002C-AB11-4DCF-9A37-1CBD754CE88A}"
EndProject
Project("{FAE04EC0-301F-11D3-BF4B-00C04F79EFBC}") = "Diesta.Domain", "Diesta.DAL\Diesta.Domain.csproj", "{63A0B44C-02E1-42B9-8A21-A38332AD1C17}"
EndProject
Project("{FAE04EC0-301F-11D3-BF4B-00C04F79EFBC}") = "Diesta.Service", "Diesta.Service\Diesta.Service.csproj", "{CE720D38-D246-4BAF-9543-0056B2B664CF}"
EndProject
Project("{FAE04EC0-301F-11D3-BF4B-00C04F79EFBC}") = "Diesta.Model", "Diesta.Model\Diesta.Model.csproj", "{0488AADB-755C-49FC-9C7E-96EF2E11D191}"
EndProject
Project("{FAE04EC0-301F-11D3-BF4B-00C04F79EFBC}") = "Diesta.Repository", "Diesta.Repository\Diesta.Repository.csproj", "{29B01D74-BF77-44BD-A7EC-780A110D17D5}"
EndProject
Global
	GlobalSection(SolutionConfigurationPlatforms) = preSolution
		Debug|Any CPU = Debug|Any CPU
		Release|Any CPU = Release|Any CPU
	EndGlobalSection
	GlobalSection(ProjectConfigurationPlatforms) = postSolution
		{F40B002C-AB11-4DCF-9A37-1CBD754CE88A}.Debug|Any CPU.ActiveCfg = Debug|Any CPU
		{F40B002C-AB11-4DCF-9A37-1CBD754CE88A}.Debug|Any CPU.Build.0 = Debug|Any CPU
		{F40B002C-AB11-4DCF-9A37-1CBD754CE88A}.Release|Any CPU.ActiveCfg = Release|Any CPU
		{F40B002C-AB11-4DCF-9A37-1CBD754CE88A}.Release|Any CPU.Build.0 = Release|Any CPU
		{63A0B44C-02E1-42B9-8A21-A38332AD1C17}.Debug|Any CPU.ActiveCfg = Debug|Any CPU
		{63A0B44C-02E1-42B9-8A21-A38332AD1C17}.Debug|Any CPU.Build.0 = Debug|Any CPU
		{63A0B44C-02E1-42B9-8A21-A38332AD1C17}.Release|Any CPU.ActiveCfg = Release|Any CPU
		{63A0B44C-02E1-42B9-8A21-A38332AD1C17}.Release|Any CPU.Build.0 = Release|Any CPU
		{CE720D38-D246-4BAF-9543-0056B2B664CF}.Debug|Any CPU.ActiveCfg = Debug|Any CPU
		{CE720D38-D246-4BAF-9543-0056B2B664CF}.Debug|Any CPU.Build.0 = Debug|Any CPU
		{CE720D38-D246-4BAF-9543-0056B2B664CF}.Release|Any CPU.ActiveCfg = Release|Any CPU
		{CE720D38-D246-4BAF-9543-0056B2B664CF}.Release|Any CPU.Build.0 = Release|Any CPU
		{0488AADB-755C-49FC-9C7E-96EF2E11D191}.Debug|Any CPU.ActiveCfg = Debug|Any CPU
		{0488AADB-755C-49FC-9C7E-96EF2E11D191}.Debug|Any CPU.Build.0 = Debug|Any CPU
		{0488AADB-755C-49FC-9C7E-96EF2E11D191}.Release|Any CPU.ActiveCfg = Release|Any CPU
		{0488AADB-755C-49FC-9C7E-96EF2E11D191}.Release|Any CPU.Build.0 = Release|Any CPU
		{29B01D74-BF77-44BD-A7EC-780A110D17D5}.Debug|Any CPU.ActiveCfg = Debug|Any CPU
		{29B01D74-BF77-44BD-A7EC-780A110D17D5}.Debug|Any CPU.Build.0 = Debug|Any CPU
		{29B01D74-BF77-44BD-A7EC-780A110D17D5}.Release|Any CPU.ActiveCfg = Release|Any CPU
		{29B01D74-BF77-44BD-A7EC-780A110D17D5}.Release|Any CPU.Build.0 = Release|Any CPU
	EndGlobalSection
	GlobalSection(SolutionProperties) = preSolution
		HideSolutionNode = FALSE
	EndGlobalSection
	GlobalSection(ExtensibilityGlobals) = postSolution
		SolutionGuid = {3C7D2D5E-D44E-4ACC-8B4D-A6D496B88D11}
	EndGlobalSection
EndGlobal
