{
  "requires": true,
  "lockfileVersion": 1,
  "dependencies": {
    "inputmask": {
      "version": "5.0.5",
      "resolved": "https://registry.npmjs.org/inputmask/-/inputmask-5.0.5.tgz",
      "integrity": "sha512-9gqau4tb0oaxYiymLC43KU/aAXHVofya7ilGIxqKONbSh7LNKRHmpw6mhuH2D4yykRlcNhS9zI/FOsrAQmltQA=="
    },
    "jquery": {
      "version": "3.5.1",
      "resolved": "https://registry.npmjs.org/jquery/-/jquery-3.5.1.tgz",
      "integrity": "sha512-XwIBPqcMn57FxfT+Go5pzySnm4KWkT1Tv7gjrpT1srtf8Weynl6R273VJ5GjkRb51IzMp5nbaPjJXMWeju2MKg=="
    }
  }
}
